
Microsoft Visual Studio Solution File, Format Version 12.00
# Visual Studio Version 17
VisualStudioVersion = 17.5.33424.131
MinimumVisualStudioVersion = 10.0.40219.1
Project("{F184B08F-C81C-45F6-A57F-5ABD9991F28F}") = "LabTwoWordReplacement", "LabTwoWordReplacement\LabTwoWordReplacement.vbproj", "{C0BC977F-AFDE-49EB-9AA8-04A2A5FE9EB9}"
EndProject
Global
	GlobalSection(SolutionConfigurationPlatforms) = preSolution
		Debug|Any CPU = Debug|Any CPU
		Release|Any CPU = Release|Any CPU
	EndGlobalSection
	GlobalSection(ProjectConfigurationPlatforms) = postSolution
		{C0BC977F-AFDE-49EB-9AA8-04A2A5FE9EB9}.Debug|Any CPU.ActiveCfg = Debug|Any CPU
		{C0BC977F-AFDE-49EB-9AA8-04A2A5FE9EB9}.Debug|Any CPU.Build.0 = Debug|Any CPU
		{C0BC977F-AFDE-49EB-9AA8-04A2A5FE9EB9}.Release|Any CPU.ActiveCfg = Release|Any CPU
		{C0BC977F-AFDE-49EB-9AA8-04A2A5FE9EB9}.Release|Any CPU.Build.0 = Release|Any CPU
	EndGlobalSection
	GlobalSection(SolutionProperties) = preSolution
		HideSolutionNode = FALSE
	EndGlobalSection
	GlobalSection(ExtensibilityGlobals) = postSolution
		SolutionGuid = {0C882B5A-F378-47E4-A075-0DC12FF73C5E}
	EndGlobalSection
EndGlobal
